
Microsoft Visual Studio Solution File, Format Version 12.00
# Visual Studio 14
VisualStudioVersion = 14.0.23107.0
MinimumVisualStudioVersion = 10.0.40219.1
Project("{FAE04EC0-301F-11D3-BF4B-00C04F79EFBC}") = "CapaDato", "CapaDato\CapaDato.csproj", "{C5631C38-F4B4-4CAA-BFD7-AF7CCE93B553}"
EndProject
Project("{FAE04EC0-301F-11D3-BF4B-00C04F79EFBC}") = "CapaLogica", "CapaLogica\CapaLogica.csproj", "{DCAEB16C-2F23-4E2E-B650-8E384A884C7A}"
EndProject
Project("{FAE04EC0-301F-11D3-BF4B-00C04F79EFBC}") = "Deytona", "Deytona\Deytona.csproj", "{EA4EAFD8-A80A-4B1F-B7CF-0853EC64C3FA}"
EndProject
Global
	GlobalSection(SolutionConfigurationPlatforms) = preSolution
		Debug|Any CPU = Debug|Any CPU
		Release|Any CPU = Release|Any CPU
	EndGlobalSection
	GlobalSection(ProjectConfigurationPlatforms) = postSolution
		{C5631C38-F4B4-4CAA-BFD7-AF7CCE93B553}.Debug|Any CPU.ActiveCfg = Debug|Any CPU
		{C5631C38-F4B4-4CAA-BFD7-AF7CCE93B553}.Debug|Any CPU.Build.0 = Debug|Any CPU
		{C5631C38-F4B4-4CAA-BFD7-AF7CCE93B553}.Release|Any CPU.ActiveCfg = Release|Any CPU
		{C5631C38-F4B4-4CAA-BFD7-AF7CCE93B553}.Release|Any CPU.Build.0 = Release|Any CPU
		{DCAEB16C-2F23-4E2E-B650-8E384A884C7A}.Debug|Any CPU.ActiveCfg = Debug|Any CPU
		{DCAEB16C-2F23-4E2E-B650-8E384A884C7A}.Debug|Any CPU.Build.0 = Debug|Any CPU
		{DCAEB16C-2F23-4E2E-B650-8E384A884C7A}.Release|Any CPU.ActiveCfg = Release|Any CPU
		{DCAEB16C-2F23-4E2E-B650-8E384A884C7A}.Release|Any CPU.Build.0 = Release|Any CPU
		{EA4EAFD8-A80A-4B1F-B7CF-0853EC64C3FA}.Debug|Any CPU.ActiveCfg = Debug|Any CPU
		{EA4EAFD8-A80A-4B1F-B7CF-0853EC64C3FA}.Debug|Any CPU.Build.0 = Debug|Any CPU
		{EA4EAFD8-A80A-4B1F-B7CF-0853EC64C3FA}.Release|Any CPU.ActiveCfg = Release|Any CPU
		{EA4EAFD8-A80A-4B1F-B7CF-0853EC64C3FA}.Release|Any CPU.Build.0 = Release|Any CPU
	EndGlobalSection
	GlobalSection(SolutionProperties) = preSolution
		HideSolutionNode = FALSE
	EndGlobalSection
EndGlobal
